
Microsoft Visual Studio Solution File, Format Version 12.00
# Visual Studio Version 17
VisualStudioVersion = 17.1.32328.378
MinimumVisualStudioVersion = 10.0.40219.1
Project("{FAE04EC0-301F-11D3-BF4B-00C04F79EFBC}") = "QuanLyBanHang", "QuanLyBanHang\QuanLyBanHang.csproj", "{CEC0B550-60A8-458C-965B-E997E46B6F6B}"
EndProject
Global
	GlobalSection(SolutionConfigurationPlatforms) = preSolution
		Debug|Any CPU = Debug|Any CPU
		Release|Any CPU = Release|Any CPU
	EndGlobalSection
	GlobalSection(ProjectConfigurationPlatforms) = postSolution
		{CEC0B550-60A8-458C-965B-E997E46B6F6B}.Debug|Any CPU.ActiveCfg = Debug|Any CPU
		{CEC0B550-60A8-458C-965B-E997E46B6F6B}.Debug|Any CPU.Build.0 = Debug|Any CPU
		{CEC0B550-60A8-458C-965B-E997E46B6F6B}.Release|Any CPU.ActiveCfg = Release|Any CPU
		{CEC0B550-60A8-458C-965B-E997E46B6F6B}.Release|Any CPU.Build.0 = Release|Any CPU
	EndGlobalSection
	GlobalSection(SolutionProperties) = preSolution
		HideSolutionNode = FALSE
	EndGlobalSection
	GlobalSection(ExtensibilityGlobals) = postSolution
		SolutionGuid = {23005829-F2DA-4E47-91F3-3180788E8C5C}
	EndGlobalSection
EndGlobal
